
Microsoft Visual Studio Solution File, Format Version 11.00
# Visual Studio 2010
Project("{FAE04EC0-301F-11D3-BF4B-00C04F79EFBC}") = "MacysSPDL", "MacysSPDL.csproj", "{E0BCB498-6AAD-4F2C-96E1-FFC4F6FE37F5}"
EndProject
Global
	GlobalSection(SolutionConfigurationPlatforms) = preSolution
		Debug|Any CPU = Debug|Any CPU
		Release|Any CPU = Release|Any CPU
	EndGlobalSection
	GlobalSection(ProjectConfigurationPlatforms) = postSolution
		{E0BCB498-6AAD-4F2C-96E1-FFC4F6FE37F5}.Debug|Any CPU.ActiveCfg = Debug|Any CPU
		{E0BCB498-6AAD-4F2C-96E1-FFC4F6FE37F5}.Debug|Any CPU.Build.0 = Debug|Any CPU
		{E0BCB498-6AAD-4F2C-96E1-FFC4F6FE37F5}.Release|Any CPU.ActiveCfg = Release|Any CPU
		{E0BCB498-6AAD-4F2C-96E1-FFC4F6FE37F5}.Release|Any CPU.Build.0 = Release|Any CPU
	EndGlobalSection
	GlobalSection(SolutionProperties) = preSolution
		HideSolutionNode = FALSE
	EndGlobalSection
EndGlobal
